
Microsoft Visual Studio Solution File, Format Version 12.00
# Visual Studio Version 17
VisualStudioVersion = 17.5.002.0
MinimumVisualStudioVersion = 10.0.40219.1
Project("{9A19103F-16F7-4668-BE54-9A1E7A4F7556}") = "consoleApp", "consoleApp\consoleApp.csproj", "{0AC68C34-CC29-4A19-98F6-F4B2921283DB}"
EndProject
Global
	GlobalSection(SolutionConfigurationPlatforms) = preSolution
		Debug|Any CPU = Debug|Any CPU
		Release|Any CPU = Release|Any CPU
	EndGlobalSection
	GlobalSection(ProjectConfigurationPlatforms) = postSolution
		{0AC68C34-CC29-4A19-98F6-F4B2921283DB}.Debug|Any CPU.ActiveCfg = Debug|Any CPU
		{0AC68C34-CC29-4A19-98F6-F4B2921283DB}.Debug|Any CPU.Build.0 = Debug|Any CPU
		{0AC68C34-CC29-4A19-98F6-F4B2921283DB}.Release|Any CPU.ActiveCfg = Release|Any CPU
		{0AC68C34-CC29-4A19-98F6-F4B2921283DB}.Release|Any CPU.Build.0 = Release|Any CPU
	EndGlobalSection
	GlobalSection(SolutionProperties) = preSolution
		HideSolutionNode = FALSE
	EndGlobalSection
	GlobalSection(ExtensibilityGlobals) = postSolution
		SolutionGuid = {8E8B3CE1-F7F8-4DD2-ADF9-5B327E95D579}
	EndGlobalSection
EndGlobal
